
Microsoft Visual Studio Solution File, Format Version 12.00
# Visual Studio Version 17
VisualStudioVersion = 17.2.32519.379
MinimumVisualStudioVersion = 10.0.40219.1
Project("{FAE04EC0-301F-11D3-BF4B-00C04F79EFBC}") = "Servicios", "Servicios\Servicios.csproj", "{245FA4B3-2B9C-46A8-AD83-25F3E64CCEC7}"
EndProject
Global
	GlobalSection(SolutionConfigurationPlatforms) = preSolution
		Debug|Any CPU = Debug|Any CPU
		Release|Any CPU = Release|Any CPU
	EndGlobalSection
	GlobalSection(ProjectConfigurationPlatforms) = postSolution
		{245FA4B3-2B9C-46A8-AD83-25F3E64CCEC7}.Debug|Any CPU.ActiveCfg = Debug|Any CPU
		{245FA4B3-2B9C-46A8-AD83-25F3E64CCEC7}.Debug|Any CPU.Build.0 = Debug|Any CPU
		{245FA4B3-2B9C-46A8-AD83-25F3E64CCEC7}.Release|Any CPU.ActiveCfg = Release|Any CPU
		{245FA4B3-2B9C-46A8-AD83-25F3E64CCEC7}.Release|Any CPU.Build.0 = Release|Any CPU
	EndGlobalSection
	GlobalSection(SolutionProperties) = preSolution
		HideSolutionNode = FALSE
	EndGlobalSection
	GlobalSection(ExtensibilityGlobals) = postSolution
		SolutionGuid = {CA228253-7419-4C12-A397-303B3947A9B6}
	EndGlobalSection
EndGlobal
